schema: '2.0'
stages:
  data_ingestion:
    cmd: python src/CNN_Classifier/pipeline/stage_01_data_ingestion.py
    deps:
    - path: configs/config.yaml
      hash: md5
      md5: c7e430efa6ca0853a103ee355ee3a69b
      size: 825
    - path: src/CNN_Classifier/pipeline/stage_01_data_ingestion.py
      hash: md5
      md5: 83c7635eb139a3db5a3758b061f26e2e
      size: 723
    outs:
    - path: artifacts/data_ingestion/PetImages
      hash: md5
      md5: 3a5cf86541f22c236620ce5b952ad684.dir
      size: 848866410
      nfiles: 24998
  prepare_base_model:
    cmd: python src/CNN_Classifier/pipeline/stage_02_prepare_base_model.py
    deps:
    - path: configs/config.yaml
      hash: md5
      md5: c7e430efa6ca0853a103ee355ee3a69b
      size: 825
    - path: src/CNN_Classifier/pipeline/stage_02_prepare_base_model.py
      hash: md5
      md5: 85e1f46656d823e54cf8c3bc4e34005d
      size: 793
    params:
      params.yaml:
        CLASSES: 2
        IMAGE_SIZE:
        - 224
        - 224
        - 3
        INCLUDE_TOP: false
        LEARNING_RATE: 0.01
        WEIGHTS: imagenet
    outs:
    - path: artifacts/prepare_base_model
      hash: md5
      md5: 7c46bf9a76c55042a2fab4f4317921c9.dir
      size: 118059248
      nfiles: 2
  training:
    cmd: python src/CNN_Classifier/pipeline/stage_04_training.py
    deps:
    - path: artifacts/data_ingestion/PetImages
      hash: md5
      md5: 3a5cf86541f22c236620ce5b952ad684.dir
      size: 848866410
      nfiles: 24998
    - path: artifacts/prepare_base_model
      hash: md5
      md5: 7c46bf9a76c55042a2fab4f4317921c9.dir
      size: 118059248
      nfiles: 2
    - path: configs/config.yaml
      hash: md5
      md5: c7e430efa6ca0853a103ee355ee3a69b
      size: 825
    - path: src/CNN_Classifier/pipeline/stage_03_prepare_callback.py
      hash: md5
      md5: 12baa10193254ff5a47a6b7046494a08
      size: 758
    - path: src/CNN_Classifier/pipeline/stage_04_training.py
      hash: md5
      md5: a66580dee6f3997fad721286758efbc6
      size: 991
    params:
      params.yaml:
        AUGMENTATION: true
        BATCH_SIZE: 16
        EPOCHS: 1
        IMAGE_SIZE:
        - 224
        - 224
        - 3
    outs:
    - path: artifacts/training/model.h5
      hash: md5
      md5: dff03d202ff1ea28471e5c154bc85906
      size: 59340720
  evaluation:
    cmd: python src/CNN_Classifier/pipeline/stage_05_evaluation.py
    deps:
    - path: artifacts/data_ingestion/PetImages
      hash: md5
      md5: 3a5cf86541f22c236620ce5b952ad684.dir
      size: 848866410
      nfiles: 24998
    - path: artifacts/training/model.h5
      hash: md5
      md5: dff03d202ff1ea28471e5c154bc85906
      size: 59340720
    - path: configs/config.yaml
      hash: md5
      md5: c7e430efa6ca0853a103ee355ee3a69b
      size: 825
    - path: src/CNN_Classifier/pipeline/stage_05_evaluation.py
      hash: md5
      md5: 25c77fbd628ed7282580cef764ccca34
      size: 705
    params:
      params.yaml:
        BATCH_SIZE: 16
        IMAGE_SIZE:
        - 224
        - 224
        - 3
    outs:
    - path: scores.json
      hash: md5
      md5: aca2a742c5a6ff58974a2c6ec5411e91
      size: 73
